{
    "phpunit/phpunit": {
        "version": "11.5",
        "recipe": {
            "repo": "github.com/symfony/recipes",
            "branch": "main",
            "version": "11.1",
            "ref": "1117deb12541f35793eec9fff7494d7aa12283fc"
        },
        "files": [
            ".env.test",
            "phpunit.xml.dist",
            "tests/bootstrap.php",
            "bin/phpunit"
        ]
    },
    "symfony/flex": {
        "version": "2.10",
        "recipe": {
            "repo": "github.com/symfony/recipes",
            "branch": "main",
            "version": "2.4",
            "ref": "52e9754527a15e2b79d9a610f98185a1fe46622a"
        },
        "files": [
            ".env",
            ".env.dev"
        ]
    }
}
